// !$*UTF8*$!
{
	archiveVersion = 1;
	classes = {
	};
	objectVersion = 55;
	objects = {

/* Begin PBXBuildFile section */
		3959A3DE27BB90FF00744515 /* LocationSearchApp.swift in Sources */ = {isa = PBXBuildFile; fileRef = 3959A3DD27BB90FF00744515 /* LocationSearchApp.swift */; };
		3959A3E227BB910000744515 /* Assets.xcassets in Resources */ = {isa = PBXBuildFile; fileRef = 3959A3E127BB910000744515 /* Assets.xcassets */; };
		3959A3E527BB910000744515 /* Preview Assets.xcassets in Resources */ = {isa = PBXBuildFile; fileRef = 3959A3E427BB910000744515 /* Preview Assets.xcassets */; };
		3959A3F027BB93F800744515 /* AppleGeocoder.swift in Sources */ = {isa = PBXBuildFile; fileRef = 3959A3EF27BB93F800744515 /* AppleGeocoder.swift */; };
		3959A3FA27BBB72200744515 /* SearchQueryConstructor.swift in Sources */ = {isa = PBXBuildFile; fileRef = 3959A3F927BBB72200744515 /* SearchQueryConstructor.swift */; };
		3959A3FE27BBCFF000744515 /* LocationSearchCore in Frameworks */ = {isa = PBXBuildFile; productRef = 3959A3FD27BBCFF000744515 /* LocationSearchCore */; };
		3959A40027BBFDC200744515 /* LocationSearchPreview.swift in Sources */ = {isa = PBXBuildFile; fileRef = 3959A3FF27BBFDC200744515 /* LocationSearchPreview.swift */; };
/* End PBXBuildFile section */

/* Begin PBXFileReference section */
		3959A3DA27BB90FF00744515 /* LocationSearch.app */ = {isa = PBXFileReference; explicitFileType = wrapper.application; includeInIndex = 0; path = LocationSearch.app; sourceTree = BUILT_PRODUCTS_DIR; };
		3959A3DD27BB90FF00744515 /* LocationSearchApp.swift */ = {isa = PBXFileReference; lastKnownFileType = sourcecode.swift; path = LocationSearchApp.swift; sourceTree = "<group>"; };
		3959A3E127BB910000744515 /* Assets.xcassets */ = {isa = PBXFileReference; lastKnownFileType = folder.assetcatalog; path = Assets.xcassets; sourceTree = "<group>"; };
		3959A3E427BB910000744515 /* Preview Assets.xcassets */ = {isa = PBXFileReference; lastKnownFileType = folder.assetcatalog; path = "Preview Assets.xcassets"; sourceTree = "<group>"; };
		3959A3EF27BB93F800744515 /* AppleGeocoder.swift */ = {isa = PBXFileReference; lastKnownFileType = sourcecode.swift; path = AppleGeocoder.swift; sourceTree = "<group>"; };
		3959A3F927BBB72200744515 /* SearchQueryConstructor.swift */ = {isa = PBXFileReference; lastKnownFileType = sourcecode.swift; path = SearchQueryConstructor.swift; sourceTree = "<group>"; };
		3959A3FB27BBCFD900744515 /* LocationSearchCore */ = {isa = PBXFileReference; lastKnownFileType = wrapper; path = LocationSearchCore; sourceTree = "<group>"; };
		3959A3FF27BBFDC200744515 /* LocationSearchPreview.swift */ = {isa = PBXFileReference; lastKnownFileType = sourcecode.swift; path = LocationSearchPreview.swift; sourceTree = "<group>"; };
/* End PBXFileReference section */

/* Begin PBXFrameworksBuildPhase section */
		3959A3D727BB90FF00744515 /* Frameworks */ = {
			isa = PBXFrameworksBuildPhase;
			buildActionMask = 2147483647;
			files = (
				3959A3FE27BBCFF000744515 /* LocationSearchCore in Frameworks */,
			);
			runOnlyForDeploymentPostprocessing = 0;
		};
/* End PBXFrameworksBuildPhase section */

/* Begin PBXGroup section */
		3959A3D127BB90FF00744515 = {
			isa = PBXGroup;
			children = (
				3959A3FB27BBCFD900744515 /* LocationSearchCore */,
				3959A3DC27BB90FF00744515 /* LocationSearch */,
				3959A3DB27BB90FF00744515 /* Products */,
				3959A3FC27BBCFF000744515 /* Frameworks */,
			);
			sourceTree = "<group>";
		};
		3959A3DB27BB90FF00744515 /* Products */ = {
			isa = PBXGroup;
			children = (
				3959A3DA27BB90FF00744515 /* LocationSearch.app */,
			);
			name = Products;
			sourceTree = "<group>";
		};
		3959A3DC27BB90FF00744515 /* LocationSearch */ = {
			isa = PBXGroup;
			children = (
				3959A3F227BB980700744515 /* Internal */,
				3959A3F127BB97FD00744515 /* Public */,
				3959A3DD27BB90FF00744515 /* LocationSearchApp.swift */,
				3959A3E127BB910000744515 /* Assets.xcassets */,
				3959A3E327BB910000744515 /* Preview Content */,
			);
			path = LocationSearch;
			sourceTree = "<group>";
		};
		3959A3E327BB910000744515 /* Preview Content */ = {
			isa = PBXGroup;
			children = (
				3959A3E427BB910000744515 /* Preview Assets.xcassets */,
			);
			path = "Preview Content";
			sourceTree = "<group>";
		};
		3959A3F127BB97FD00744515 /* Public */ = {
			isa = PBXGroup;
			children = (
			);
			path = Public;
			sourceTree = "<group>";
		};
		3959A3F227BB980700744515 /* Internal */ = {
			isa = PBXGroup;
			children = (
				3959A3EF27BB93F800744515 /* AppleGeocoder.swift */,
				3959A3F927BBB72200744515 /* SearchQueryConstructor.swift */,
				3959A3FF27BBFDC200744515 /* LocationSearchPreview.swift */,
			);
			path = Internal;
			sourceTree = "<group>";
		};
		3959A3FC27BBCFF000744515 /* Frameworks */ = {
			isa = PBXGroup;
			children = (
			);
			name = Frameworks;
			sourceTree = "<group>";
		};
/* End PBXGroup section */

/* Begin PBXNativeTarget section */
		3959A3D927BB90FF00744515 /* LocationSearch */ = {
			isa = PBXNativeTarget;
			buildConfigurationList = 3959A3E827BB910000744515 /* Build configuration list for PBXNativeTarget "LocationSearch" */;
			buildPhases = (
				3959A3D627BB90FF00744515 /* Sources */,
				3959A3D727BB90FF00744515 /* Frameworks */,
				3959A3D827BB90FF00744515 /* Resources */,
			);
			buildRules = (
			);
			dependencies = (
			);
			name = LocationSearch;
			packageProductDependencies = (
				3959A3FD27BBCFF000744515 /* LocationSearchCore */,
			);
			productName = LocationSearch;
			productReference = 3959A3DA27BB90FF00744515 /* LocationSearch.app */;
			productType = "com.apple.product-type.application";
		};
/* End PBXNativeTarget section */

/* Begin PBXProject section */
		3959A3D227BB90FF00744515 /* Project object */ = {
			isa = PBXProject;
			attributes = {
				BuildIndependentTargetsInParallel = 1;
				LastSwiftUpdateCheck = 1320;
				LastUpgradeCheck = 1320;
				TargetAttributes = {
					3959A3D927BB90FF00744515 = {
						CreatedOnToolsVersion = 13.2.1;
					};
				};
			};
			buildConfigurationList = 3959A3D527BB90FF00744515 /* Build configuration list for PBXProject "LocationSearch" */;
			compatibilityVersion = "Xcode 13.0";
			developmentRegion = en;
			hasScannedForEncodings = 0;
			knownRegions = (
				en,
				Base,
			);
			mainGroup = 3959A3D127BB90FF00744515;
			productRefGroup = 3959A3DB27BB90FF00744515 /* Products */;
			projectDirPath = "";
			projectRoot = "";
			targets = (
				3959A3D927BB90FF00744515 /* LocationSearch */,
			);
		};
/* End PBXProject section */

/* Begin PBXResourcesBuildPhase section */
		3959A3D827BB90FF00744515 /* Resources */ = {
			isa = PBXResourcesBuildPhase;
			buildActionMask = 2147483647;
			files = (
				3959A3E527BB910000744515 /* Preview Assets.xcassets in Resources */,
				3959A3E227BB910000744515 /* Assets.xcassets in Resources */,
			);
			runOnlyForDeploymentPostprocessing = 0;
		};
/* End PBXResourcesBuildPhase section */

/* Begin PBXSourcesBuildPhase section */
		3959A3D627BB90FF00744515 /* Sources */ = {
			isa = PBXSourcesBuildPhase;
			buildActionMask = 2147483647;
			files = (
				3959A3F027BB93F800744515 /* AppleGeocoder.swift in Sources */,
				3959A3DE27BB90FF00744515 /* LocationSearchApp.swift in Sources */,
				3959A3FA27BBB72200744515 /* SearchQueryConstructor.swift in Sources */,
				3959A40027BBFDC200744515 /* LocationSearchPreview.swift in Sources */,
			);
			runOnlyForDeploymentPostprocessing = 0;
		};
/* End PBXSourcesBuildPhase section */

/* Begin XCBuildConfiguration section */
		3959A3E627BB910000744515 /* Debug */ = {
			isa = XCBuildConfiguration;
			buildSettings = {
				ALWAYS_SEARCH_USER_PATHS = NO;
				CLANG_ANALYZER_NONNULL = YES;
				CLANG_ANALYZER_NUMBER_OBJECT_CONVERSION = YES_AGGRESSIVE;
				CLANG_CXX_LANGUAGE_STANDARD = "gnu++17";
				CLANG_CXX_LIBRARY = "libc++";
				CLANG_ENABLE_MODULES = YES;
				CLANG_ENABLE_OBJC_ARC = YES;
				CLANG_ENABLE_OBJC_WEAK = YES;
				CLANG_WARN_BLOCK_CAPTURE_AUTORELEASING = YES;
				CLANG_WARN_BOOL_CONVERSION = YES;
				CLANG_WARN_COMMA = YES;
				CLANG_WARN_CONSTANT_CONVERSION = YES;
				CLANG_WARN_DEPRECATED_OBJC_IMPLEMENTATIONS = YES;
				CLANG_WARN_DIRECT_OBJC_ISA_USAGE = YES_ERROR;
				CLANG_WARN_DOCUMENTATION_COMMENTS = YES;
				CLANG_WARN_EMPTY_BODY = YES;
				CLANG_WARN_ENUM_CONVERSION = YES;
				CLANG_WARN_INFINITE_RECURSION = YES;
				CLANG_WARN_INT_CONVERSION = YES;
				CLANG_WARN_NON_LITERAL_NULL_CONVERSION = YES;
				CLANG_WARN_OBJC_IMPLICIT_RETAIN_SELF = YES;
				CLANG_WARN_OBJC_LITERAL_CONVERSION = YES;
				CLANG_WARN_OBJC_ROOT_CLASS = YES_ERROR;
				CLANG_WARN_QUOTED_INCLUDE_IN_FRAMEWORK_HEADER = YES;
				CLANG_WARN_RANGE_LOOP_ANALYSIS = YES;
				CLANG_WARN_STRICT_PROTOTYPES = YES;
				CLANG_WARN_SUSPICIOUS_MOVE = YES;
				CLANG_WARN_UNGUARDED_AVAILABILITY = YES_AGGRESSIVE;
				CLANG_WARN_UNREACHABLE_CODE = YES;
				CLANG_WARN__DUPLICATE_METHOD_MATCH = YES;
				COPY_PHASE_STRIP = NO;
				DEBUG_INFORMATION_FORMAT = dwarf;
				ENABLE_STRICT_OBJC_MSGSEND = YES;
				ENABLE_TESTABILITY = YES;
				GCC_C_LANGUAGE_STANDARD = gnu11;
				GCC_DYNAMIC_NO_PIC = NO;
				GCC_NO_COMMON_BLOCKS = YES;
				GCC_OPTIMIZATION_LEVEL = 0;
				GCC_PREPROCESSOR_DEFINITIONS = (
					"DEBUG=1",
					"$(inherited)",
				);
				GCC_WARN_64_TO_32_BIT_CONVERSION = YES;
				GCC_WARN_ABOUT_RETURN_TYPE = YES_ERROR;
				GCC_WARN_UNDECLARED_SELECTOR = YES;
				GCC_WARN_UNINITIALIZED_AUTOS = YES_AGGRESSIVE;
				GCC_WARN_UNUSED_FUNCTION = YES;
				GCC_WARN_UNUSED_VARIABLE = YES;
				IPHONEOS_DEPLOYMENT_TARGET = 15.2;
				MTL_ENABLE_DEBUG_INFO = INCLUDE_SOURCE;
				MTL_FAST_MATH = YES;
				ONLY_ACTIVE_ARCH = YES;
				SDKROOT = iphoneos;
				SWIFT_ACTIVE_COMPILATION_CONDITIONS = DEBUG;
				SWIFT_OPTIMIZATION_LEVEL = "-Onone";
			};
			name = Debug;
		};
		3959A3E727BB910000744515 /* Release */ = {
			isa = XCBuildConfiguration;
			buildSettings = {
				ALWAYS_SEARCH_USER_PATHS = NO;
				CLANG_ANALYZER_NONNULL = YES;
				CLANG_ANALYZER_NUMBER_OBJECT_CONVERSION = YES_AGGRESSIVE;
				CLANG_CXX_LANGUAGE_STANDARD = "gnu++17";
				CLANG_CXX_LIBRARY = "libc++";
				CLANG_ENABLE_MODULES = YES;
				CLANG_ENABLE_OBJC_ARC = YES;
				CLANG_ENABLE_OBJC_WEAK = YES;
				CLANG_WARN_BLOCK_CAPTURE_AUTORELEASING = YES;
				CLANG_WARN_BOOL_CONVERSION = YES;
				CLANG_WARN_COMMA = YES;
				CLANG_WARN_CONSTANT_CONVERSION = YES;
				CLANG_WARN_DEPRECATED_OBJC_IMPLEMENTATIONS = YES;
				CLANG_WARN_DIRECT_OBJC_ISA_USAGE = YES_ERROR;
				CLANG_WARN_DOCUMENTATION_COMMENTS = YES;
				CLANG_WARN_EMPTY_BODY = YES;
				CLANG_WARN_ENUM_CONVERSION = YES;
				CLANG_WARN_INFINITE_RECURSION = YES;
				CLANG_WARN_INT_CONVERSION = YES;
				CLANG_WARN_NON_LITERAL_NULL_CONVERSION = YES;
				CLANG_WARN_OBJC_IMPLICIT_RETAIN_SELF = YES;
				CLANG_WARN_OBJC_LITERAL_CONVERSION = YES;
				CLANG_WARN_OBJC_ROOT_CLASS = YES_ERROR;
				CLANG_WARN_QUOTED_INCLUDE_IN_FRAMEWORK_HEADER = YES;
				CLANG_WARN_RANGE_LOOP_ANALYSIS = YES;
				CLANG_WARN_STRICT_PROTOTYPES = YES;
				CLANG_WARN_SUSPICIOUS_MOVE = YES;
				CLANG_WARN_UNGUARDED_AVAILABILITY = YES_AGGRESSIVE;
				CLANG_WARN_UNREACHABLE_CODE = YES;
				CLANG_WARN__DUPLICATE_METHOD_MATCH = YES;
				COPY_PHASE_STRIP = NO;
				DEBUG_INFORMATION_FORMAT = "dwarf-with-dsym";
				ENABLE_NS_ASSERTIONS = NO;
				ENABLE_STRICT_OBJC_MSGSEND = YES;
				GCC_C_LANGUAGE_STANDARD = gnu11;
				GCC_NO_COMMON_BLOCKS = YES;
				GCC_WARN_64_TO_32_BIT_CONVERSION = YES;
				GCC_WARN_ABOUT_RETURN_TYPE = YES_ERROR;
				GCC_WARN_UNDECLARED_SELECTOR = YES;
				GCC_WARN_UNINITIALIZED_AUTOS = YES_AGGRESSIVE;
				GCC_WARN_UNUSED_FUNCTION = YES;
				GCC_WARN_UNUSED_VARIABLE = YES;
				IPHONEOS_DEPLOYMENT_TARGET = 15.2;
				MTL_ENABLE_DEBUG_INFO = NO;
				MTL_FAST_MATH = YES;
				SDKROOT = iphoneos;
				SWIFT_COMPILATION_MODE = wholemodule;
				SWIFT_OPTIMIZATION_LEVEL = "-O";
				VALIDATE_PRODUCT = YES;
			};
			name = Release;
		};
		3959A3E927BB910000744515 /* Debug */ = {
			isa = XCBuildConfiguration;
			buildSettings = {
				ASSETCATALOG_COMPILER_APPICON_NAME = AppIcon;
				ASSETCATALOG_COMPILER_GLOBAL_ACCENT_COLOR_NAME = AccentColor;
				CODE_SIGN_STYLE = Automatic;
				CURRENT_PROJECT_VERSION = 1;
				DEVELOPMENT_ASSET_PATHS = "\"LocationSearch/Preview Content\"";
				ENABLE_PREVIEWS = YES;
				GENERATE_INFOPLIST_FILE = YES;
				INFOPLIST_KEY_UIApplicationSceneManifest_Generation = YES;
				INFOPLIST_KEY_UIApplicationSupportsIndirectInputEvents = YES;
				INFOPLIST_KEY_UILaunchScreen_Generation = YES;
				INFOPLIST_KEY_UISupportedInterfaceOrientations_iPad = "UIInterfaceOrientationPortrait UIInterfaceOrientationPortraitUpsideDown UIInterfaceOrientationLandscapeLeft UIInterfaceOrientationLandscapeRight";
				INFOPLIST_KEY_UISupportedInterfaceOrientations_iPhone = "UIInterfaceOrientationPortrait UIInterfaceOrientationLandscapeLeft UIInterfaceOrientationLandscapeRight";
				IPHONEOS_DEPLOYMENT_TARGET = 14.0;
				LD_RUNPATH_SEARCH_PATHS = (
					"$(inherited)",
					"@executable_path/Frameworks",
				);
				MARKETING_VERSION = 1.0;
				PRODUCT_BUNDLE_IDENTIFIER = com.polarsteps.LocationSearch;
				PRODUCT_NAME = "$(TARGET_NAME)";
				SWIFT_EMIT_LOC_STRINGS = YES;
				SWIFT_VERSION = 5.0;
				TARGETED_DEVICE_FAMILY = "1,2";
			};
			name = Debug;
		};
		3959A3EA27BB910000744515 /* Release */ = {
			isa = XCBuildConfiguration;
			buildSettings = {
				ASSETCATALOG_COMPILER_APPICON_NAME = AppIcon;
				ASSETCATALOG_COMPILER_GLOBAL_ACCENT_COLOR_NAME = AccentColor;
				CODE_SIGN_STYLE = Automatic;
				CURRENT_PROJECT_VERSION = 1;
				DEVELOPMENT_ASSET_PATHS = "\"LocationSearch/Preview Content\"";
				ENABLE_PREVIEWS = YES;
				GENERATE_INFOPLIST_FILE = YES;
				INFOPLIST_KEY_UIApplicationSceneManifest_Generation = YES;
				INFOPLIST_KEY_UIApplicationSupportsIndirectInputEvents = YES;
				INFOPLIST_KEY_UILaunchScreen_Generation = YES;
				INFOPLIST_KEY_UISupportedInterfaceOrientations_iPad = "UIInterfaceOrientationPortrait UIInterfaceOrientationPortraitUpsideDown UIInterfaceOrientationLandscapeLeft UIInterfaceOrientationLandscapeRight";
				INFOPLIST_KEY_UISupportedInterfaceOrientations_iPhone = "UIInterfaceOrientationPortrait UIInterfaceOrientationLandscapeLeft UIInterfaceOrientationLandscapeRight";
				IPHONEOS_DEPLOYMENT_TARGET = 14.0;
				LD_RUNPATH_SEARCH_PATHS = (
					"$(inherited)",
					"@executable_path/Frameworks",
				);
				MARKETING_VERSION = 1.0;
				PRODUCT_BUNDLE_IDENTIFIER = com.polarsteps.LocationSearch;
				PRODUCT_NAME = "$(TARGET_NAME)";
				SWIFT_EMIT_LOC_STRINGS = YES;
				SWIFT_VERSION = 5.0;
				TARGETED_DEVICE_FAMILY = "1,2";
			};
			name = Release;
		};
/* End XCBuildConfiguration section */

/* Begin XCConfigurationList section */
		3959A3D527BB90FF00744515 /* Build configuration list for PBXProject "LocationSearch" */ = {
			isa = XCConfigurationList;
			buildConfigurations = (
				3959A3E627BB910000744515 /* Debug */,
				3959A3E727BB910000744515 /* Release */,
			);
			defaultConfigurationIsVisible = 0;
			defaultConfigurationName = Release;
		};
		3959A3E827BB910000744515 /* Build configuration list for PBXNativeTarget "LocationSearch" */ = {
			isa = XCConfigurationList;
			buildConfigurations = (
				3959A3E927BB910000744515 /* Debug */,
				3959A3EA27BB910000744515 /* Release */,
			);
			defaultConfigurationIsVisible = 0;
			defaultConfigurationName = Release;
		};
/* End XCConfigurationList section */

/* Begin XCSwiftPackageProductDependency section */
		3959A3FD27BBCFF000744515 /* LocationSearchCore */ = {
			isa = XCSwiftPackageProductDependency;
			productName = LocationSearchCore;
		};
/* End XCSwiftPackageProductDependency section */
	};
	rootObject = 3959A3D227BB90FF00744515 /* Project object */;
}
